{
  "name": "rtv-shopwindow",
  "version": "0.0.1",
  "lockfileVersion": 1,
  "dependencies": {
    "array-find": {
      "version": "1.0.0",
      "resolved": "https://registry.npmjs.org/array-find/-/array-find-1.0.0.tgz",
      "integrity": "sha1-bI4obRHtdoMn+OYuzuhzU8o+eLg="
    },
    "electron-screencapture": {
      "version": "1.1.0",
      "resolved": "https://registry.npmjs.org/electron-screencapture/-/electron-screencapture-1.1.0.tgz",
      "integrity": "sha1-bOfYQZy+K7r372CBAfwOUUyB9ZE="
    },
    "lodash._basefindindex": {
      "version": "3.6.0",
      "resolved": "https://registry.npmjs.org/lodash._basefindindex/-/lodash._basefindindex-3.6.0.tgz",
      "integrity": "sha1-8IM2ChsCJBjtgbyJm+sxLiHnSk8="
    },
    "lodash._baseiteratee": {
      "version": "4.6.1",
      "resolved": "https://registry.npmjs.org/lodash._baseiteratee/-/lodash._baseiteratee-4.6.1.tgz",
      "integrity": "sha1-eMWxfkNmP0DVofZyeyxdGHCMByM="
    },
    "lodash._stringtopath": {
      "version": "4.7.1",
      "resolved": "https://registry.npmjs.org/lodash._stringtopath/-/lodash._stringtopath-4.7.1.tgz",
      "integrity": "sha1-1GYKFaWZeYj6WTAaO/2gXJpt494="
    },
    "lodash.findindex": {
      "version": "4.3.0",
      "resolved": "https://registry.npmjs.org/lodash.findindex/-/lodash.findindex-4.3.0.tgz",
      "integrity": "sha1-PrKx/qpd2YXE8Mn5GWtGtyBLgC8="
    },
    "recordrtc": {
      "version": "5.1.0",
      "resolved": "https://registry.npmjs.org/recordrtc/-/recordrtc-5.1.0.tgz",
      "integrity": "sha1-0JVC7QqgRe+m0WU6kD4cZIlzs9A="
    }
  }
}
